lockfileVersion: 5.3

importers:

  .:
    specifiers: {}

  ../../packages/design/mobile-react:
    specifiers:
      '@lark/hooks': workspace:*
      '@lark/utils': workspace:*
      resize-observer-polyfill: ~1.5.1
    dependencies:
      '@lark/hooks': link:../../hooks
      '@lark/utils': link:../../utils
      resize-observer-polyfill: 1.5.1

  ../../packages/hooks:
    specifiers: {}

  ../../packages/utils:
    specifiers: {}

packages:

  /resize-observer-polyfill/1.5.1:
    resolution: {integrity: sha512-LwZrotdHOo12nQuZlHEmtuXdqGoOD0OhaxopaNFxWzInpEgaLWoVuAMbTzixuosCx2nEG58ngzW3vxdWoxIgdg==}
    dev: false
